{
  "name": "quickstart",
  "version": "1.0.0",
  "lockfileVersion": 1,
  "requires": true,
  "dependencies": {
    "@assemblyscript/loader": {
      "version": "0.18.11",
      "resolved": "https://artifactory.imgdev.bioclinica.com:443/artifactory/api/npm/npm-repo/@assemblyscript/loader/-/loader-0.18.11.tgz",
      "integrity": "sha1-aK8DBrD3262xyZXjSQGZ3F8SWYk="
    },
    "assemblyscript": {
      "version": "0.18.11",
      "resolved": "https://artifactory.imgdev.bioclinica.com:443/artifactory/api/npm/npm-repo/assemblyscript/-/assemblyscript-0.18.11.tgz",
      "integrity": "sha1-FMELvKRvdUsvYBZ/E5Yjlz4VDzQ=",
      "dev": true,
      "requires": {
        "binaryen": "98.0.0-nightly.20210106",
        "long": "^4.0.0"
      }
    },
    "benchmark": {
      "version": "2.1.4",
      "resolved": "https://artifactory.imgdev.bioclinica.com:443/artifactory/api/npm/npm-repo/benchmark/-/benchmark-2.1.4.tgz",
      "integrity": "sha1-CfPeMckWQl1JjMLuVloOvzwqVik=",
      "dev": true,
      "requires": {
        "lodash": "^4.17.4",
        "platform": "^1.3.3"
      }
    },
    "binaryen": {
      "version": "98.0.0-nightly.20210106",
      "resolved": "https://artifactory.imgdev.bioclinica.com:443/artifactory/api/npm/npm-repo/binaryen/-/binaryen-98.0.0-nightly.20210106.tgz",
      "integrity": "sha1-x7xjfiIjqDvzyunZiWn1ae+rQGI=",
      "dev": true
    },
    "lodash": {
      "version": "4.17.21",
      "resolved": "https://artifactory.imgdev.bioclinica.com:443/artifactory/api/npm/npm-repo/lodash/-/lodash-4.17.21.tgz",
      "integrity": "sha1-Z5WRxWTDv/quhFTPCz3zcMPWkRw=",
      "dev": true
    },
    "long": {
      "version": "4.0.0",
      "resolved": "https://artifactory.imgdev.bioclinica.com:443/artifactory/api/npm/npm-repo/long/-/long-4.0.0.tgz",
      "integrity": "sha1-mntxz7fTYaGU6lVSQckvdGjVvyg=",
      "dev": true
    },
    "platform": {
      "version": "1.3.6",
      "resolved": "https://artifactory.imgdev.bioclinica.com:443/artifactory/api/npm/npm-repo/platform/-/platform-1.3.6.tgz",
      "integrity": "sha1-SLTOmDFksgnC1FoQetsx9HOm56c=",
      "dev": true
    }
  }
}
